
Microsoft Visual Studio Solution File, Format Version 12.00
# Visual Studio Version 17
VisualStudioVersion = 17.0.31903.59
MinimumVisualStudioVersion = 10.0.40219.1
Project("{FAE04EC0-301F-11D3-BF4B-00C04F79EFBC}") = "NcXml", "NcXml\NcXml.csproj", "{3952F949-9DA3-4125-99A5-8710FF9D655B}"
EndProject
Project("{FAE04EC0-301F-11D3-BF4B-00C04F79EFBC}") = "RimeTools", "RimeTools\RimeTools.csproj", "{39697097-C37D-465B-8820-B6F7F000271B}"
EndProject
Project("{FAE04EC0-301F-11D3-BF4B-00C04F79EFBC}") = "RimeLuaAot", "RimeLuaAot\RimeLuaAot.csproj", "{2E792B3E-A8AB-4244-8EDA-5ECFF583F190}"
EndProject
Project("{FAE04EC0-301F-11D3-BF4B-00C04F79EFBC}") = "shared", "shared\shared.csproj", "{215EE03C-824A-4634-9D27-D212C7DEA107}"
EndProject
Project("{FAE04EC0-301F-11D3-BF4B-00C04F79EFBC}") = "RimeLuaAot.Windows", "RimeLuaAot.Windows\RimeLuaAot.Windows.csproj", "{51BAA6AD-0878-4E39-B646-8B4177E6BC3C}"
EndProject
Project("{FAE04EC0-301F-11D3-BF4B-00C04F79EFBC}") = "RimeLuaAot.Test", "RimeLuaAot.Test\RimeLuaAot.Test.csproj", "{72A2E2D9-7491-4C35-9F90-6D3130AB2D39}"
EndProject
Project("{FAE04EC0-301F-11D3-BF4B-00C04F79EFBC}") = "RimeApi", "RimeApi\RimeApi.csproj", "{D8DECFDE-F5EB-46AF-892E-C6646C22FDB7}"
EndProject
Project("{FAE04EC0-301F-11D3-BF4B-00C04F79EFBC}") = "CsShared", "CsShared\CsShared.csproj", "{91D8A1B6-B8CA-4433-8A30-BA88DBAD077C}"
EndProject
Global
	GlobalSection(SolutionConfigurationPlatforms) = preSolution
		Debug|Any CPU = Debug|Any CPU
		Release|Any CPU = Release|Any CPU
	EndGlobalSection
	GlobalSection(SolutionProperties) = preSolution
		HideSolutionNode = FALSE
	EndGlobalSection
	GlobalSection(ProjectConfigurationPlatforms) = postSolution
		{3952F949-9DA3-4125-99A5-8710FF9D655B}.Debug|Any CPU.ActiveCfg = Debug|Any CPU
		{3952F949-9DA3-4125-99A5-8710FF9D655B}.Debug|Any CPU.Build.0 = Debug|Any CPU
		{3952F949-9DA3-4125-99A5-8710FF9D655B}.Release|Any CPU.ActiveCfg = Release|Any CPU
		{3952F949-9DA3-4125-99A5-8710FF9D655B}.Release|Any CPU.Build.0 = Release|Any CPU
		{39697097-C37D-465B-8820-B6F7F000271B}.Debug|Any CPU.ActiveCfg = Debug|Any CPU
		{39697097-C37D-465B-8820-B6F7F000271B}.Debug|Any CPU.Build.0 = Debug|Any CPU
		{39697097-C37D-465B-8820-B6F7F000271B}.Release|Any CPU.ActiveCfg = Release|Any CPU
		{39697097-C37D-465B-8820-B6F7F000271B}.Release|Any CPU.Build.0 = Release|Any CPU
		{2E792B3E-A8AB-4244-8EDA-5ECFF583F190}.Debug|Any CPU.ActiveCfg = Debug|Any CPU
		{2E792B3E-A8AB-4244-8EDA-5ECFF583F190}.Debug|Any CPU.Build.0 = Debug|Any CPU
		{2E792B3E-A8AB-4244-8EDA-5ECFF583F190}.Release|Any CPU.ActiveCfg = Release|Any CPU
		{2E792B3E-A8AB-4244-8EDA-5ECFF583F190}.Release|Any CPU.Build.0 = Release|Any CPU
		{215EE03C-824A-4634-9D27-D212C7DEA107}.Debug|Any CPU.ActiveCfg = Debug|Any CPU
		{215EE03C-824A-4634-9D27-D212C7DEA107}.Debug|Any CPU.Build.0 = Debug|Any CPU
		{215EE03C-824A-4634-9D27-D212C7DEA107}.Release|Any CPU.ActiveCfg = Release|Any CPU
		{215EE03C-824A-4634-9D27-D212C7DEA107}.Release|Any CPU.Build.0 = Release|Any CPU
		{51BAA6AD-0878-4E39-B646-8B4177E6BC3C}.Debug|Any CPU.ActiveCfg = Debug|Any CPU
		{51BAA6AD-0878-4E39-B646-8B4177E6BC3C}.Debug|Any CPU.Build.0 = Debug|Any CPU
		{51BAA6AD-0878-4E39-B646-8B4177E6BC3C}.Release|Any CPU.ActiveCfg = Release|Any CPU
		{51BAA6AD-0878-4E39-B646-8B4177E6BC3C}.Release|Any CPU.Build.0 = Release|Any CPU
		{72A2E2D9-7491-4C35-9F90-6D3130AB2D39}.Debug|Any CPU.ActiveCfg = Debug|Any CPU
		{72A2E2D9-7491-4C35-9F90-6D3130AB2D39}.Debug|Any CPU.Build.0 = Debug|Any CPU
		{72A2E2D9-7491-4C35-9F90-6D3130AB2D39}.Release|Any CPU.ActiveCfg = Release|Any CPU
		{72A2E2D9-7491-4C35-9F90-6D3130AB2D39}.Release|Any CPU.Build.0 = Release|Any CPU
		{D8DECFDE-F5EB-46AF-892E-C6646C22FDB7}.Debug|Any CPU.ActiveCfg = Debug|Any CPU
		{D8DECFDE-F5EB-46AF-892E-C6646C22FDB7}.Debug|Any CPU.Build.0 = Debug|Any CPU
		{D8DECFDE-F5EB-46AF-892E-C6646C22FDB7}.Release|Any CPU.ActiveCfg = Release|Any CPU
		{D8DECFDE-F5EB-46AF-892E-C6646C22FDB7}.Release|Any CPU.Build.0 = Release|Any CPU
		{91D8A1B6-B8CA-4433-8A30-BA88DBAD077C}.Debug|Any CPU.ActiveCfg = Debug|Any CPU
		{91D8A1B6-B8CA-4433-8A30-BA88DBAD077C}.Debug|Any CPU.Build.0 = Debug|Any CPU
		{91D8A1B6-B8CA-4433-8A30-BA88DBAD077C}.Release|Any CPU.ActiveCfg = Release|Any CPU
		{91D8A1B6-B8CA-4433-8A30-BA88DBAD077C}.Release|Any CPU.Build.0 = Release|Any CPU
	EndGlobalSection
EndGlobal
