
Microsoft Visual Studio Solution File, Format Version 12.00
# Visual Studio Version 17
VisualStudioVersion = 17.0.31903.59
MinimumVisualStudioVersion = 10.0.40219.1
Project("{2150E333-8FDC-42A3-9474-1A3956D46DE8}") = "aot", "aot", "{8C73DDF9-CF35-47EA-B1DF-7B0BE7268C16}"
EndProject
Project("{FAE04EC0-301F-11D3-BF4B-00C04F79EFBC}") = "aot", "aot\RimeLuaAot\aot.csproj", "{F9618978-B4E5-437B-8E43-5E92735F520D}"
EndProject
Project("{FAE04EC0-301F-11D3-BF4B-00C04F79EFBC}") = "main", "main\main.csproj", "{BAD6DE29-7F45-4421-8A96-9D42D702FCFB}"
EndProject
Project("{FAE04EC0-301F-11D3-BF4B-00C04F79EFBC}") = "WaterMark", "WaterMark\WaterMark.csproj", "{4E42CA8E-E782-4CBA-AC36-ECC8E129B8C3}"
EndProject
Project("{FAE04EC0-301F-11D3-BF4B-00C04F79EFBC}") = "RimeTools", "RimeTools\RimeTools.csproj", "{47EF099B-7FF9-4758-801E-C7C129A2043D}"
EndProject
Project("{FAE04EC0-301F-11D3-BF4B-00C04F79EFBC}") = "RimeLuaAot", "RimeLuaAot\RimeLuaAot.csproj", "{6C7468D1-3B56-47E3-AA0B-81712F1C3BDB}"
EndProject
Global
	GlobalSection(SolutionConfigurationPlatforms) = preSolution
		Debug|Any CPU = Debug|Any CPU
		Release|Any CPU = Release|Any CPU
	EndGlobalSection
	GlobalSection(SolutionProperties) = preSolution
		HideSolutionNode = FALSE
	EndGlobalSection
	GlobalSection(ProjectConfigurationPlatforms) = postSolution
		{F9618978-B4E5-437B-8E43-5E92735F520D}.Debug|Any CPU.ActiveCfg = Debug|Any CPU
		{F9618978-B4E5-437B-8E43-5E92735F520D}.Debug|Any CPU.Build.0 = Debug|Any CPU
		{F9618978-B4E5-437B-8E43-5E92735F520D}.Release|Any CPU.ActiveCfg = Release|Any CPU
		{F9618978-B4E5-437B-8E43-5E92735F520D}.Release|Any CPU.Build.0 = Release|Any CPU
		{BAD6DE29-7F45-4421-8A96-9D42D702FCFB}.Debug|Any CPU.ActiveCfg = Debug|Any CPU
		{BAD6DE29-7F45-4421-8A96-9D42D702FCFB}.Debug|Any CPU.Build.0 = Debug|Any CPU
		{BAD6DE29-7F45-4421-8A96-9D42D702FCFB}.Release|Any CPU.ActiveCfg = Release|Any CPU
		{BAD6DE29-7F45-4421-8A96-9D42D702FCFB}.Release|Any CPU.Build.0 = Release|Any CPU
		{4E42CA8E-E782-4CBA-AC36-ECC8E129B8C3}.Debug|Any CPU.ActiveCfg = Debug|Any CPU
		{4E42CA8E-E782-4CBA-AC36-ECC8E129B8C3}.Debug|Any CPU.Build.0 = Debug|Any CPU
		{4E42CA8E-E782-4CBA-AC36-ECC8E129B8C3}.Release|Any CPU.ActiveCfg = Release|Any CPU
		{4E42CA8E-E782-4CBA-AC36-ECC8E129B8C3}.Release|Any CPU.Build.0 = Release|Any CPU
		{47EF099B-7FF9-4758-801E-C7C129A2043D}.Debug|Any CPU.ActiveCfg = Debug|Any CPU
		{47EF099B-7FF9-4758-801E-C7C129A2043D}.Debug|Any CPU.Build.0 = Debug|Any CPU
		{47EF099B-7FF9-4758-801E-C7C129A2043D}.Release|Any CPU.ActiveCfg = Release|Any CPU
		{47EF099B-7FF9-4758-801E-C7C129A2043D}.Release|Any CPU.Build.0 = Release|Any CPU
		{6C7468D1-3B56-47E3-AA0B-81712F1C3BDB}.Debug|Any CPU.ActiveCfg = Debug|Any CPU
		{6C7468D1-3B56-47E3-AA0B-81712F1C3BDB}.Debug|Any CPU.Build.0 = Debug|Any CPU
		{6C7468D1-3B56-47E3-AA0B-81712F1C3BDB}.Release|Any CPU.ActiveCfg = Release|Any CPU
		{6C7468D1-3B56-47E3-AA0B-81712F1C3BDB}.Release|Any CPU.Build.0 = Release|Any CPU
	EndGlobalSection
	GlobalSection(NestedProjects) = preSolution
		{F9618978-B4E5-437B-8E43-5E92735F520D} = {8C73DDF9-CF35-47EA-B1DF-7B0BE7268C16}
	EndGlobalSection
EndGlobal
